
Microsoft Visual Studio Solution File, Format Version 12.00
# Visual Studio Version 17
VisualStudioVersion = 17.10.35122.118
MinimumVisualStudioVersion = 10.0.40219.1
Project("{FAE04EC0-301F-11D3-BF4B-00C04F79EFBC}") = "RandomNumbers", "RandomNumbers.csproj", "{454D1C6D-BFC1-4E8E-A75E-501682BF1145}"
EndProject
Global
	GlobalSection(SolutionConfigurationPlatforms) = preSolution
		Debug|Any CPU = Debug|Any CPU
		Release|Any CPU = Release|Any CPU
	EndGlobalSection
	GlobalSection(ProjectConfigurationPlatforms) = postSolution
		{454D1C6D-BFC1-4E8E-A75E-501682BF1145}.Debug|Any CPU.ActiveCfg = Debug|Any CPU
		{454D1C6D-BFC1-4E8E-A75E-501682BF1145}.Debug|Any CPU.Build.0 = Debug|Any CPU
		{454D1C6D-BFC1-4E8E-A75E-501682BF1145}.Release|Any CPU.ActiveCfg = Release|Any CPU
		{454D1C6D-BFC1-4E8E-A75E-501682BF1145}.Release|Any CPU.Build.0 = Release|Any CPU
	EndGlobalSection
	GlobalSection(SolutionProperties) = preSolution
		HideSolutionNode = FALSE
	EndGlobalSection
	GlobalSection(ExtensibilityGlobals) = postSolution
		SolutionGuid = {95FFD9BC-3A91-4885-8F25-38591C9671A6}
	EndGlobalSection
EndGlobal
