
Microsoft Visual Studio Solution File, Format Version 12.00
# Visual Studio Version 17
VisualStudioVersion = 17.10.35122.118
MinimumVisualStudioVersion = 10.0.40219.1
Project("{FAE04EC0-301F-11D3-BF4B-00C04F79EFBC}") = "IfElseCalculator", "IfElseCalculator.csproj", "{D04E8AC3-A3F1-4AAB-AE5E-3CAE460EA8E3}"
EndProject
Global
	GlobalSection(SolutionConfigurationPlatforms) = preSolution
		Debug|Any CPU = Debug|Any CPU
		Release|Any CPU = Release|Any CPU
	EndGlobalSection
	GlobalSection(ProjectConfigurationPlatforms) = postSolution
		{D04E8AC3-A3F1-4AAB-AE5E-3CAE460EA8E3}.Debug|Any CPU.ActiveCfg = Debug|Any CPU
		{D04E8AC3-A3F1-4AAB-AE5E-3CAE460EA8E3}.Debug|Any CPU.Build.0 = Debug|Any CPU
		{D04E8AC3-A3F1-4AAB-AE5E-3CAE460EA8E3}.Release|Any CPU.ActiveCfg = Release|Any CPU
		{D04E8AC3-A3F1-4AAB-AE5E-3CAE460EA8E3}.Release|Any CPU.Build.0 = Release|Any CPU
	EndGlobalSection
	GlobalSection(SolutionProperties) = preSolution
		HideSolutionNode = FALSE
	EndGlobalSection
	GlobalSection(ExtensibilityGlobals) = postSolution
		SolutionGuid = {5BE9D164-E60D-4638-AE75-48A3F10CAA51}
	EndGlobalSection
EndGlobal
